
Microsoft Visual Studio Solution File, Format Version 12.00
# Visual Studio Version 16
VisualStudioVersion = 16.0.29418.71
MinimumVisualStudioVersion = 10.0.40219.1
Project("{FAE04EC0-301F-11D3-BF4B-00C04F79EFBC}") = "Calculator", "Calculator\Calculator.csproj", "{834F6FF5-1685-480F-9115-98D951DCC22B}"
EndProject
Global
	GlobalSection(SolutionConfigurationPlatforms) = preSolution
		Debug|Any CPU = Debug|Any CPU
		Release|Any CPU = Release|Any CPU
	EndGlobalSection
	GlobalSection(ProjectConfigurationPlatforms) = postSolution
		{834F6FF5-1685-480F-9115-98D951DCC22B}.Debug|Any CPU.ActiveCfg = Debug|Any CPU
		{834F6FF5-1685-480F-9115-98D951DCC22B}.Debug|Any CPU.Build.0 = Debug|Any CPU
		{834F6FF5-1685-480F-9115-98D951DCC22B}.Release|Any CPU.ActiveCfg = Release|Any CPU
		{834F6FF5-1685-480F-9115-98D951DCC22B}.Release|Any CPU.Build.0 = Release|Any CPU
	EndGlobalSection
	GlobalSection(SolutionProperties) = preSolution
		HideSolutionNode = FALSE
	EndGlobalSection
	GlobalSection(ExtensibilityGlobals) = postSolution
		SolutionGuid = {17E38BBC-42CB-4D0F-9EBD-F4D2F65F2EBB}
	EndGlobalSection
EndGlobal
